
Microsoft Visual Studio Solution File, Format Version 12.00
# Visual Studio Version 16
VisualStudioVersion = 16.0.30804.86
MinimumVisualStudioVersion = 10.0.40219.1
Project("{9A19103F-16F7-4668-BE54-9A1E7A4F7556}") = "MarsRover", "MarsRover\MarsRover.csproj", "{73D950FF-F9B5-460B-BA5A-50A62F9AB0CE}"
EndProject
Project("{2150E333-8FDC-42A3-9474-1A3956D46DE8}") = "src", "src", "{72CEB77D-A075-4878-8F20-B5AB84A1F6D4}"
EndProject
Global
	GlobalSection(SolutionConfigurationPlatforms) = preSolution
		Debug|Any CPU = Debug|Any CPU
		Release|Any CPU = Release|Any CPU
	EndGlobalSection
	GlobalSection(ProjectConfigurationPlatforms) = postSolution
		{73D950FF-F9B5-460B-BA5A-50A62F9AB0CE}.Debug|Any CPU.ActiveCfg = Debug|Any CPU
		{73D950FF-F9B5-460B-BA5A-50A62F9AB0CE}.Debug|Any CPU.Build.0 = Debug|Any CPU
		{73D950FF-F9B5-460B-BA5A-50A62F9AB0CE}.Release|Any CPU.ActiveCfg = Release|Any CPU
		{73D950FF-F9B5-460B-BA5A-50A62F9AB0CE}.Release|Any CPU.Build.0 = Release|Any CPU
	EndGlobalSection
	GlobalSection(SolutionProperties) = preSolution
		HideSolutionNode = FALSE
	EndGlobalSection
	GlobalSection(NestedProjects) = preSolution
		{73D950FF-F9B5-460B-BA5A-50A62F9AB0CE} = {72CEB77D-A075-4878-8F20-B5AB84A1F6D4}
	EndGlobalSection
	GlobalSection(ExtensibilityGlobals) = postSolution
		SolutionGuid = {D8E32C46-DE6E-4947-A4F0-F2BBE878E4E8}
	EndGlobalSection
EndGlobal
